{
  "name": "azure-web-app-deploy-github-action",
  "requires": true,
  "lockfileVersion": 1,
  "dependencies": {
    "@types/node": {
      "version": "6.0.68",
      "resolved": "https://registry.npmjs.org/@types/node/-/node-6.0.68.tgz",
      "integrity": "sha1-DEO2uLlEX+uGoPvTRX4/S8WR5m0="
    },
    "@types/q": {
      "version": "1.0.7",
      "resolved": "https://registry.npmjs.org/@types/q/-/q-1.0.7.tgz",
      "integrity": "sha512-0WS7XU7sXzQ7J1nbnMKKYdjrrFoO3YtZYgUzeV8JFXffPnHfvSJQleR70I8BOAsOm14i4dyaAZ3YzqIl1YhkXQ=="
    },
    "minimist": {
      "version": "1.2.0",
      "resolved": "http://registry.npmjs.org/minimist/-/minimist-1.2.0.tgz",
      "integrity": "sha1-o1AIsg9BOD7sH7kU9M1d95omQoQ="
    },
    "q": {
      "version": "1.4.1",
      "resolved": "https://registry.npmjs.org/q/-/q-1.4.1.tgz",
      "integrity": "sha1-VXBbzZPF82c1MMLCy8DCs63cKG4="
    },
    "tunnel": {
      "version": "0.0.4",
      "resolved": "http://registry.npmjs.org/tunnel/-/tunnel-0.0.4.tgz",
      "integrity": "sha1-LTeFoVjBdMmhbcLARuxfxfF0IhM="
    },
    "typed-azure-client": {
      "version": "1.0.5",
      "resolved": "https://registry.npmjs.org/typed-azure-client/-/typed-azure-client-1.0.5.tgz",
      "integrity": "sha512-GAx+XdKr65PFoFD3z1qs6A05/sbY8dOCsIhlulCDjzHx+u0xy0YcmjwJLO3amgSqJhlI28J8fZEBYjga8LS0lw==",
      "requires": {
        "@types/node": "6.0.68",
        "@types/q": "1.0.7",
        "minimist": "1.2.0",
        "q": "1.4.1",
        "typed-rest-client": "0.12.0"
      }
    },
    "typed-rest-client": {
      "version": "0.12.0",
      "resolved": "https://registry.npmjs.org/typed-rest-client/-/typed-rest-client-0.12.0.tgz",
      "integrity": "sha1-Y3b1Un9CfaEh3K/f1+QeEyHgcgw=",
      "requires": {
        "tunnel": "0.0.4",
        "underscore": "1.8.3"
      }
    },
    "underscore": {
      "version": "1.8.3",
      "resolved": "https://registry.npmjs.org/underscore/-/underscore-1.8.3.tgz",
      "integrity": "sha1-Tz+1OxBuYJf8+ctBCfKl6b36UCI="
    }
  }
}
